
{
  "name": "ib-trading-bot",
  "version": "1.0.0",
  "lockfileVersion": 1,
  "requires": true,
  "dependencies": {
    "@stoqey/ib": {
      "version": "0.1.0",
      "resolved": "https://registry.npmjs.org/@stoqey/ib/-/ib-0.1.0.tgz",
      "integrity": "sha512-9I6MYWBgQzcjJGo7StWvdI5sxzGaiqDPxH6omc8sg2E/uKeWeK4qezJyhewG14FNxV4LQI3NO8f8T2h/2zqODg==",
      "requires": {
        "chalk": "^4.0.0",
        "command-buffer": "^0.1.0",
        "dotenv": "^8.2.0",
        "function-rate-limit": "^1.1.0",
        "lodash": "^4.17.20",
        "moment": "^2.24.0"
      }
    },
    "@types/body-parser": {
      "version": "1.19.0",
      "resolved": "https://registry.npmjs.org/@types/body-parser/-/body-parser-1.19.0.tgz",
      "integrity": "sha512-W98JrE0j2K78swW4ukqMleo8R7h/pFETjM2DQ90MF6XK2i4LO4W3gQ71Lt4w3bfm2EvVSyWHplECvB5sK22yFQ==",
      "requires": {
        "@types/connect": "*",
        "@types/node": "*"
      }
    },
    "@types/color-name": {
      "version": "1.1.1",
      "resolved": "https://registry.npmjs.org/@types/color-name/-/color-name-1.1.1.tgz",
      "integrity": "sha512-rr+OQyAjxze7GgWrSaJwydHStIhHq2lvY3BOC2Mj7KnzI7XK0Uw1TOOdI9lDoajEbSWLiYgoo4f1R51erQfhPQ=="
    },
    "@types/connect": {
      "version": "3.4.33",
      "resolved": "https://registry.npmjs.org/@types/connect/-/connect-3.4.33.tgz",
      "integrity": "sha512-2+FrkXY4zllzTNfJth7jOqEHC+enpLeGslEhpnTAkg21GkRrWV4SsAtqchtT4YS9/nODBU2/ZfsBY2X4J/dX7A==",
      "requires": {
        "@types/node": "*"
      }
    },
    "@types/express": {
      "version": "4.17.8",