
{
  "name": "ib-trading-bot",
  "version": "0.0.0",
  "lockfileVersion": 1,
  "requires": true,
  "dependencies": {
    "@angular-devkit/architect": {
      "version": "0.10.7",
      "resolved": "https://registry.npmjs.org/@angular-devkit/architect/-/architect-0.10.7.tgz",
      "integrity": "sha512-S49LSslNRxIflHzrIrEgK7mGQ7HzETr/FU0fyTbB0vubcmfzMoYTsgYdK7SUz583lovc+UvASoUAhPJI3e35ng==",
      "dev": true,
      "requires": {
        "@angular-devkit/core": "7.0.7",
        "rxjs": "6.3.3"
      }
    },
    "@angular-devkit/build-angular": {
      "version": "0.10.7",
      "resolved": "https://registry.npmjs.org/@angular-devkit/build-angular/-/build-angular-0.10.7.tgz",
      "integrity": "sha512-wjhlMWWkGSSkdwd9elKfeeEgyig/eZGyF2wY5kZmWPBdeK/GfdBLyO15qh4ppRYI2SjyRvzl0tWDOA2Y0hKL0w==",
      "dev": true,
      "requires": {
        "@angular-devkit/architect": "0.10.7",
        "@angular-devkit/build-optimizer": "0.10.7",
        "@angular-devkit/build-webpack": "0.10.7",
        "@angular-devkit/core": "7.0.7",
        "@ngtools/webpack": "7.0.7",
        "ajv": "6.5.3",
        "autoprefixer": "9.1.5",
        "circular-dependency-plugin": "5.0.2",
        "clean-css": "4.2.1",
        "copy-webpack-plugin": "4.5.4",
        "file-loader": "2.0.0",
        "glob": "7.1.3",
        "istanbul": "0.4.5",
        "istanbul-instrumenter-loader": "3.0.1",
        "karma-source-map-support": "1.3.0",
        "less": "3.8.1",
        "less-loader": "4.1.0",
        "license-webpack-plugin": "2.0.2",
        "loader-utils": "1.1.0",
        "mini-css-extract-plugin": "0.4.3",
        "minimatch": "3.0.4",
        "node-sass": "4.9.3",
        "opn": "5.3.0",
        "parse5": "4.0.0",
        "portfinder": "1.0.17",
        "postcss": "7.0.5",
        "postcss-import": "12.0.0",
        "postcss-loader": "3.0.0",
        "raw-loader": "0.5.1",
        "rxjs": "6.3.3",
        "sass-loader": "7.1.0",
        "semver": "5.5.1",
        "source-map-loader": "0.2.4",
        "source-map-support": "0.5.9",
        "speed-measure-webpack-plugin": "^1.2.3",
        "stats-webpack-plugin": "0.7.0",
        "style-loader": "0.23.0",
        "stylus": "0.54.5",
        "stylus-loader": "3.0.2",
        "terser-webpack-plugin": "1.1.0",
        "tree-kill": "1.2.0",
        "webpack": "4.19.1",
        "webpack-dev-middleware": "3.3.0",
        "webpack-dev-server": "3.1.8",
        "webpack-merge": "4.1.4",
        "webpack-sources": "1.2.0",
        "webpack-subresource-integrity": "1.1.0-rc.6"
      }
    },
    "@angular-devkit/build-optimizer": {
      "version": "0.10.7",
      "resolved": "https://registry.npmjs.org/@angular-devkit/build-optimizer/-/build-optimizer-0.10.7.tgz",
      "integrity": "sha512-Ztj2U21B8zRO2csQS8mLv/+WKPPLePzaqJDk53Ou2r2HV+kh9GzYvgu1UFeGf/RyEeJi+9KnJGG2wPaeNqDNxg==",
      "dev": true,
      "requires": {
        "loader-utils": "1.1.0",
        "source-map": "0.5.6",
        "typescript": "3.1.6",
        "webpack-sources": "1.2.0"
      },
      "dependencies": {
        "source-map": {
          "version": "0.5.6",
          "resolved": "https://registry.npmjs.org/source-map/-/source-map-0.5.6.tgz",
          "integrity": "sha1-dc449SvwczxafwwRjYEzSiu19BI=",
          "dev": true
        }
      }
    },
    "@angular-devkit/build-webpack": {
      "version": "0.10.7",
      "resolved": "https://registry.npmjs.org/@angular-devkit/build-webpack/-/build-webpack-0.10.7.tgz",
      "integrity": "sha512-sUzgIhm5yWHvRo3GF6mc1J58PCuY5nJDF2vlE8Jhlwkq+/VbJ/NVfTDYRQCeqI1jLcdMaVrVQXnXAWc4KpFNig==",
      "dev": true,
      "requires": {
        "@angular-devkit/architect": "0.10.7",
        "@angular-devkit/core": "7.0.7",
        "rxjs": "6.3.3"
      }
    },
    "@angular-devkit/core": {
      "version": "7.0.7",
      "resolved": "https://registry.npmjs.org/@angular-devkit/core/-/core-7.0.7.tgz",
      "integrity": "sha512-M8tTT9r3nUtWI3YyiyynHIQn+lQQgeKkxVZ+rdxvyvgE3U9+wn0yep5HkFLQETTuJetu9ARRRD94sD2XL3F/3A==",
      "dev": true,
      "requires": {
        "ajv": "6.5.3",
        "chokidar": "2.0.4",
        "fast-json-stable-stringify": "2.0.0",
        "rxjs": "6.3.3",
        "source-map": "0.7.3"
      }
    },
    "@angular-devkit/schematics": {
      "version": "7.0.7",
      "resolved": "https://registry.npmjs.org/@angular-devkit/schematics/-/schematics-7.0.7.tgz",
      "integrity": "sha512-E6GHu4257PvymRjFDtpGc0ykdcIcpFIfXr73lq8qxo1SBkqH7Y1/C670elDg9nrCte8PhnhJVNiwNgNS/ZTAzQ==",
      "dev": true,
      "requires": {
        "@angular-devkit/core": "7.0.7",
        "rxjs": "6.3.3"
      }
    },
    "@angular/animations": {
      "version": "7.0.4",
      "resolved": "https://registry.npmjs.org/@angular/animations/-/animations-7.0.4.tgz",
      "integrity": "sha512-QfFikT0FzYNMjdVg0LWTBijdu9JDJyzejnhCFlXxv+KR4zolpRK98/rU7CFW1Fg2jjL3/yL9PT1sf5I0fTJZYA==",
      "requires": {
        "tslib": "^1.9.0"
      }
    },
    "@angular/cli": {
      "version": "7.0.7",
      "resolved": "https://registry.npmjs.org/@angular/cli/-/cli-7.0.7.tgz",
      "integrity": "sha512-SV3CcHa2oxDKwhOvHqZtysVRRT9pkO04Kv0Z1HEhlgIwqHyIU201R9/mo1gYmBHTNGxowKdvsGLsHQNpsHmQJw==",
      "dev": true,
      "requires": {
        "@angular-devkit/architect": "0.10.7",
        "@angular-devkit/core": "7.0.7",
        "@angular-devkit/schematics": "7.0.7",
        "@schematics/angular": "7.0.7",
        "@schematics/update": "0.10.7",
        "inquirer": "6.2.0",
        "opn": "5.3.0",
        "rxjs": "6.3.3",
        "semver": "5.5.1",
        "symbol-observable": "1.2.0"
      }
    },
    "@angular/common": {
      "version": "7.0.4",
      "resolved": "https://registry.npmjs.org/@angular/common/-/common-7.0.4.tgz",
      "integrity": "sha512-akQojdqY/RBlItkDWAPI3k0Llk1wnbAp+f47yySi3cgQz9SaZ1/RLNWZV84I/cKrksb4ehorT/lTqRBojsAD1A==",
      "requires": {
        "tslib": "^1.9.0"
      }
    },
    "@angular/compiler": {
      "version": "7.0.4",
      "resolved": "https://registry.npmjs.org/@angular/compiler/-/compiler-7.0.4.tgz",
      "integrity": "sha512-ExDhH1cJkuJkUsgNRZyZBse0a7wWkQyG5O8HONi3Rzig9dalFEuve9jD04zfA1Jx1GTXhovqtGnF72x4kw0V8Q==",
      "requires": {
        "tslib": "^1.9.0"
      }
    },
    "@angular/compiler-cli": {
      "version": "7.0.4",
      "resolved": "https://registry.npmjs.org/@angular/compiler-cli/-/compiler-cli-7.0.4.tgz",
      "integrity": "sha512-kvhWt6OTb1Uduns9Vm+Dwd/UUBNSEU6Jgu+QOPeHr7lg+4NTyr9uQLU0DtfBP0ljOlds8esmfii5IIFTeUQw1Q==",
      "dev": true,
      "requires": {
        "canonical-path": "1.0.0",
        "chokidar": "^1.4.2",
        "convert-source-map": "^1.5.1",
        "dependency-graph": "^0.7.2",
        "magic-string": "^0.25.0",
        "minimist": "^1.2.0",
        "reflect-metadata": "^0.1.2",
        "shelljs": "^0.8.1",
        "source-map": "^0.6.1",
        "tslib": "^1.9.0",
        "yargs": "9.0.1"
      },
      "dependencies": {
        "ansi-regex": {
          "version": "3.0.0",
          "resolved": "https://registry.npmjs.org/ansi-regex/-/ansi-regex-3.0.0.tgz",
          "integrity": "sha1-7QMXwyIGT3lGbAKWa922Bas32Zg=",
          "dev": true
        },
        "anymatch": {
          "version": "1.3.2",
          "resolved": "https://registry.npmjs.org/anymatch/-/anymatch-1.3.2.tgz",
          "integrity": "sha512-0XNayC8lTHQ2OI8aljNCN3sSx6hsr/1+rlcDAotXJR7C1oZZHCNsfpbKwMjRA3Uqb5tF1Rae2oloTr4xpq+WjA==",
          "dev": true,
          "requires": {
            "micromatch": "^2.1.5",
            "normalize-path": "^2.0.0"
          }
        },
        "arr-diff": {
          "version": "2.0.0",