
{
  "name": "ib-trading-bot",
  "version": "0.0.0",
  "lockfileVersion": 1,
  "requires": true,
  "dependencies": {
    "@angular-devkit/architect": {
      "version": "0.10.7",
      "resolved": "https://registry.npmjs.org/@angular-devkit/architect/-/architect-0.10.7.tgz",
      "integrity": "sha512-S49LSslNRxIflHzrIrEgK7mGQ7HzETr/FU0fyTbB0vubcmfzMoYTsgYdK7SUz583lovc+UvASoUAhPJI3e35ng==",
      "dev": true,
      "requires": {
        "@angular-devkit/core": "7.0.7",
        "rxjs": "6.3.3"
      }
    },
    "@angular-devkit/build-angular": {
      "version": "0.10.7",
      "resolved": "https://registry.npmjs.org/@angular-devkit/build-angular/-/build-angular-0.10.7.tgz",
      "integrity": "sha512-wjhlMWWkGSSkdwd9elKfeeEgyig/eZGyF2wY5kZmWPBdeK/GfdBLyO15qh4ppRYI2SjyRvzl0tWDOA2Y0hKL0w==",
      "dev": true,
      "requires": {
        "@angular-devkit/architect": "0.10.7",
        "@angular-devkit/build-optimizer": "0.10.7",
        "@angular-devkit/build-webpack": "0.10.7",
        "@angular-devkit/core": "7.0.7",
        "@ngtools/webpack": "7.0.7",
        "ajv": "6.5.3",
        "autoprefixer": "9.1.5",
        "circular-dependency-plugin": "5.0.2",
        "clean-css": "4.2.1",
        "copy-webpack-plugin": "4.5.4",
        "file-loader": "2.0.0",
        "glob": "7.1.3",
        "istanbul": "0.4.5",
        "istanbul-instrumenter-loader": "3.0.1",
        "karma-source-map-support": "1.3.0",
        "less": "3.8.1",
        "less-loader": "4.1.0",
        "license-webpack-plugin": "2.0.2",
        "loader-utils": "1.1.0",
        "mini-css-extract-plugin": "0.4.3",
        "minimatch": "3.0.4",
        "node-sass": "4.9.3",
        "opn": "5.3.0",
        "parse5": "4.0.0",
        "portfinder": "1.0.17",
        "postcss": "7.0.5",
        "postcss-import": "12.0.0",
        "postcss-loader": "3.0.0",
        "raw-loader": "0.5.1",
        "rxjs": "6.3.3",
        "sass-loader": "7.1.0",
        "semver": "5.5.1",
        "source-map-loader": "0.2.4",
        "source-map-support": "0.5.9",
        "speed-measure-webpack-plugin": "^1.2.3",
        "stats-webpack-plugin": "0.7.0",
        "style-loader": "0.23.0",
        "stylus": "0.54.5",
        "stylus-loader": "3.0.2",
        "terser-webpack-plugin": "1.1.0",
        "tree-kill": "1.2.0",
        "webpack": "4.19.1",
        "webpack-dev-middleware": "3.3.0",
        "webpack-dev-server": "3.1.8",
        "webpack-merge": "4.1.4",
        "webpack-sources": "1.2.0",
        "webpack-subresource-integrity": "1.1.0-rc.6"
      }
    },
    "@angular-devkit/build-optimizer": {
      "version": "0.10.7",
      "resolved": "https://registry.npmjs.org/@angular-devkit/build-optimizer/-/build-optimizer-0.10.7.tgz",
      "integrity": "sha512-Ztj2U21B8zRO2csQS8mLv/+WKPPLePzaqJDk53Ou2r2HV+kh9GzYvgu1UFeGf/RyEeJi+9KnJGG2wPaeNqDNxg==",
      "dev": true,
      "requires": {
        "loader-utils": "1.1.0",
        "source-map": "0.5.6",
        "typescript": "3.1.6",
        "webpack-sources": "1.2.0"
      },
      "dependencies": {
        "source-map": {
          "version": "0.5.6",
          "resolved": "https://registry.npmjs.org/source-map/-/source-map-0.5.6.tgz",
          "integrity": "sha1-dc449SvwczxafwwRjYEzSiu19BI=",
          "dev": true
        }
      }
    },
    "@angular-devkit/build-webpack": {
      "version": "0.10.7",
      "resolved": "https://registry.npmjs.org/@angular-devkit/build-webpack/-/build-webpack-0.10.7.tgz",
      "integrity": "sha512-sUzgIhm5yWHvRo3GF6mc1J58PCuY5nJDF2vlE8Jhlwkq+/VbJ/NVfTDYRQCeqI1jLcdMaVrVQXnXAWc4KpFNig==",
      "dev": true,
      "requires": {
        "@angular-devkit/architect": "0.10.7",
        "@angular-devkit/core": "7.0.7",
        "rxjs": "6.3.3"
      }
    },
    "@angular-devkit/core": {
      "version": "7.0.7",
      "resolved": "https://registry.npmjs.org/@angular-devkit/core/-/core-7.0.7.tgz",
      "integrity": "sha512-M8tTT9r3nUtWI3YyiyynHIQn+lQQgeKkxVZ+rdxvyvgE3U9+wn0yep5HkFLQETTuJetu9ARRRD94sD2XL3F/3A==",
      "dev": true,
      "requires": {
        "ajv": "6.5.3",
        "chokidar": "2.0.4",
        "fast-json-stable-stringify": "2.0.0",
        "rxjs": "6.3.3",
        "source-map": "0.7.3"
      }
    },
    "@angular-devkit/schematics": {
      "version": "7.0.7",
      "resolved": "https://registry.npmjs.org/@angular-devkit/schematics/-/schematics-7.0.7.tgz",
      "integrity": "sha512-E6GHu4257PvymRjFDtpGc0ykdcIcpFIfXr73lq8qxo1SBkqH7Y1/C670elDg9nrCte8PhnhJVNiwNgNS/ZTAzQ==",
      "dev": true,
      "requires": {
        "@angular-devkit/core": "7.0.7",
        "rxjs": "6.3.3"
      }
    },
    "@angular/animations": {
      "version": "7.0.4",
      "resolved": "https://registry.npmjs.org/@angular/animations/-/animations-7.0.4.tgz",
      "integrity": "sha512-QfFikT0FzYNMjdVg0LWTBijdu9JDJyzejnhCFlXxv+KR4zolpRK98/rU7CFW1Fg2jjL3/yL9PT1sf5I0fTJZYA==",
      "requires": {
        "tslib": "^1.9.0"
      }
    },
    "@angular/cli": {
      "version": "7.0.7",
      "resolved": "https://registry.npmjs.org/@angular/cli/-/cli-7.0.7.tgz",
      "integrity": "sha512-SV3CcHa2oxDKwhOvHqZtysVRRT9pkO04Kv0Z1HEhlgIwqHyIU201R9/mo1gYmBHTNGxowKdvsGLsHQNpsHmQJw==",
      "dev": true,
      "requires": {
        "@angular-devkit/architect": "0.10.7",
        "@angular-devkit/core": "7.0.7",
        "@angular-devkit/schematics": "7.0.7",
        "@schematics/angular": "7.0.7",
        "@schematics/update": "0.10.7",
        "inquirer": "6.2.0",
        "opn": "5.3.0",
        "rxjs": "6.3.3",
        "semver": "5.5.1",
        "symbol-observable": "1.2.0"
      }
    },
    "@angular/common": {
      "version": "7.0.4",
      "resolved": "https://registry.npmjs.org/@angular/common/-/common-7.0.4.tgz",
      "integrity": "sha512-akQojdqY/RBlItkDWAPI3k0Llk1wnbAp+f47yySi3cgQz9SaZ1/RLNWZV84I/cKrksb4ehorT/lTqRBojsAD1A==",
      "requires": {
        "tslib": "^1.9.0"
      }
    },
    "@angular/compiler": {
      "version": "7.0.4",
      "resolved": "https://registry.npmjs.org/@angular/compiler/-/compiler-7.0.4.tgz",
      "integrity": "sha512-ExDhH1cJkuJkUsgNRZyZBse0a7wWkQyG5O8HONi3Rzig9dalFEuve9jD04zfA1Jx1GTXhovqtGnF72x4kw0V8Q==",
      "requires": {
        "tslib": "^1.9.0"
      }
    },
    "@angular/compiler-cli": {
      "version": "7.0.4",
      "resolved": "https://registry.npmjs.org/@angular/compiler-cli/-/compiler-cli-7.0.4.tgz",
      "integrity": "sha512-kvhWt6OTb1Uduns9Vm+Dwd/UUBNSEU6Jgu+QOPeHr7lg+4NTyr9uQLU0DtfBP0ljOlds8esmfii5IIFTeUQw1Q==",
      "dev": true,
      "requires": {
        "canonical-path": "1.0.0",
        "chokidar": "^1.4.2",
        "convert-source-map": "^1.5.1",
        "dependency-graph": "^0.7.2",
        "magic-string": "^0.25.0",
        "minimist": "^1.2.0",
        "reflect-metadata": "^0.1.2",
        "shelljs": "^0.8.1",
        "source-map": "^0.6.1",
        "tslib": "^1.9.0",
        "yargs": "9.0.1"
      },
      "dependencies": {
        "ansi-regex": {
          "version": "3.0.0",
          "resolved": "https://registry.npmjs.org/ansi-regex/-/ansi-regex-3.0.0.tgz",
          "integrity": "sha1-7QMXwyIGT3lGbAKWa922Bas32Zg=",
          "dev": true
        },
        "anymatch": {
          "version": "1.3.2",
          "resolved": "https://registry.npmjs.org/anymatch/-/anymatch-1.3.2.tgz",
          "integrity": "sha512-0XNayC8lTHQ2OI8aljNCN3sSx6hsr/1+rlcDAotXJR7C1oZZHCNsfpbKwMjRA3Uqb5tF1Rae2oloTr4xpq+WjA==",
          "dev": true,
          "requires": {
            "micromatch": "^2.1.5",
            "normalize-path": "^2.0.0"
          }
        },
        "arr-diff": {
          "version": "2.0.0",
          "resolved": "https://registry.npmjs.org/arr-diff/-/arr-diff-2.0.0.tgz",
          "integrity": "sha1-jzuCf5Vai9ZpaX5KQlasPOrjVs8=",
          "dev": true,
          "requires": {
            "arr-flatten": "^1.0.1"
          }
        },
        "array-unique": {
          "version": "0.2.1",
          "resolved": "https://registry.npmjs.org/array-unique/-/array-unique-0.2.1.tgz",
          "integrity": "sha1-odl8yvy8JiXMcPrc6zalDFiwGlM=",
          "dev": true
        },
        "braces": {
          "version": "1.8.5",
          "resolved": "https://registry.npmjs.org/braces/-/braces-1.8.5.tgz",
          "integrity": "sha1-uneWLhLf+WnWt2cR6RS3N4V79qc=",
          "dev": true,
          "requires": {
            "expand-range": "^1.8.1",
            "preserve": "^0.2.0",
            "repeat-element": "^1.1.2"
          }
        },
        "camelcase": {
          "version": "4.1.0",
          "resolved": "https://registry.npmjs.org/camelcase/-/camelcase-4.1.0.tgz",
          "integrity": "sha1-1UVjW+HjPFQmScaRc+Xeas+uNN0=",
          "dev": true
        },
        "chokidar": {
          "version": "1.7.0",
          "resolved": "https://registry.npmjs.org/chokidar/-/chokidar-1.7.0.tgz",
          "integrity": "sha1-eY5ol3gVHIB2tLNg5e3SjNortGg=",
          "dev": true,
          "requires": {
            "anymatch": "^1.3.0",
            "async-each": "^1.0.0",
            "fsevents": "^1.0.0",
            "glob-parent": "^2.0.0",
            "inherits": "^2.0.1",
            "is-binary-path": "^1.0.0",
            "is-glob": "^2.0.0",
            "path-is-absolute": "^1.0.0",
            "readdirp": "^2.0.0"
          }
        },
        "cross-spawn": {
          "version": "5.1.0",
          "resolved": "https://registry.npmjs.org/cross-spawn/-/cross-spawn-5.1.0.tgz",
          "integrity": "sha1-6L0O/uWPz/b4+UUQoKVUu/ojVEk=",
          "dev": true,
          "requires": {
            "lru-cache": "^4.0.1",
            "shebang-command": "^1.2.0",
            "which": "^1.2.9"
          }
        },
        "execa": {
          "version": "0.7.0",
          "resolved": "https://registry.npmjs.org/execa/-/execa-0.7.0.tgz",
          "integrity": "sha1-lEvs00zEHuMqY6n68nrVpl/Fl3c=",
          "dev": true,
          "requires": {
            "cross-spawn": "^5.0.1",
            "get-stream": "^3.0.0",
            "is-stream": "^1.1.0",
            "npm-run-path": "^2.0.0",
            "p-finally": "^1.0.0",
            "signal-exit": "^3.0.0",
            "strip-eof": "^1.0.0"
          }
        },
        "expand-brackets": {
          "version": "0.1.5",
          "resolved": "https://registry.npmjs.org/expand-brackets/-/expand-brackets-0.1.5.tgz",
          "integrity": "sha1-3wcoTjQqgHzXM6xa9yQR5YHRF3s=",
          "dev": true,
          "requires": {
            "is-posix-bracket": "^0.1.0"
          }
        },
        "extglob": {
          "version": "0.3.2",
          "resolved": "https://registry.npmjs.org/extglob/-/extglob-0.3.2.tgz",
          "integrity": "sha1-Lhj/PS9JqydlzskCPwEdqo2DSaE=",
          "dev": true,
          "requires": {
            "is-extglob": "^1.0.0"
          }
        },
        "glob-parent": {
          "version": "2.0.0",
          "resolved": "https://registry.npmjs.org/glob-parent/-/glob-parent-2.0.0.tgz",
          "integrity": "sha1-gTg9ctsFT8zPUzbaqQLxgvbtuyg=",
          "dev": true,
          "requires": {
            "is-glob": "^2.0.0"
          }
        },
        "is-extglob": {
          "version": "1.0.0",
          "resolved": "https://registry.npmjs.org/is-extglob/-/is-extglob-1.0.0.tgz",
          "integrity": "sha1-rEaBd8SUNAWgkvyPKXYMb/xiBsA=",
          "dev": true
        },
        "is-fullwidth-code-point": {
          "version": "2.0.0",
          "resolved": "https://registry.npmjs.org/is-fullwidth-code-point/-/is-fullwidth-code-point-2.0.0.tgz",
          "integrity": "sha1-o7MKXE8ZkYMWeqq5O+764937ZU8=",
          "dev": true
        },
        "is-glob": {
          "version": "2.0.1",
          "resolved": "https://registry.npmjs.org/is-glob/-/is-glob-2.0.1.tgz",
          "integrity": "sha1-0Jb5JqPe1WAPP9/ZEZjLCIjC2GM=",
          "dev": true,
          "requires": {
            "is-extglob": "^1.0.0"
          }
        },
        "kind-of": {
          "version": "3.2.2",
          "resolved": "https://registry.npmjs.org/kind-of/-/kind-of-3.2.2.tgz",
          "integrity": "sha1-MeohpzS6ubuw8yRm2JOupR5KPGQ=",
          "dev": true,
          "requires": {
            "is-buffer": "^1.1.5"
          }
        },
        "load-json-file": {
          "version": "2.0.0",
          "resolved": "https://registry.npmjs.org/load-json-file/-/load-json-file-2.0.0.tgz",
          "integrity": "sha1-eUfkIUmvgNaWy/eXvKq8/h/inKg=",
          "dev": true,
          "requires": {
            "graceful-fs": "^4.1.2",
            "parse-json": "^2.2.0",
            "pify": "^2.0.0",
            "strip-bom": "^3.0.0"
          }
        },
        "mem": {
          "version": "1.1.0",
          "resolved": "https://registry.npmjs.org/mem/-/mem-1.1.0.tgz",
          "integrity": "sha1-Xt1StIXKHZAP5kiVUFOZoN+kX3Y=",
          "dev": true,
          "requires": {
            "mimic-fn": "^1.0.0"
          }
        },
        "micromatch": {
          "version": "2.3.11",
          "resolved": "https://registry.npmjs.org/micromatch/-/micromatch-2.3.11.tgz",
          "integrity": "sha1-hmd8l9FyCzY0MdBNDRUpO9OMFWU=",
          "dev": true,
          "requires": {
            "arr-diff": "^2.0.0",
            "array-unique": "^0.2.1",
            "braces": "^1.8.2",
            "expand-brackets": "^0.1.4",
            "extglob": "^0.3.1",
            "filename-regex": "^2.0.0",
            "is-extglob": "^1.0.0",
            "is-glob": "^2.0.1",
            "kind-of": "^3.0.2",
            "normalize-path": "^2.0.1",
            "object.omit": "^2.0.0",
            "parse-glob": "^3.0.4",
            "regex-cache": "^0.4.2"
          }
        },
        "mimic-fn": {
          "version": "1.2.0",
          "resolved": "https://registry.npmjs.org/mimic-fn/-/mimic-fn-1.2.0.tgz",
          "integrity": "sha512-jf84uxzwiuiIVKiOLpfYk7N46TSy8ubTonmneY9vrpHNAnp0QBt2BxWV9dO3/j+BoVAb+a5G6YDPW3M5HOdMWQ==",
          "dev": true
        },
        "os-locale": {
          "version": "2.1.0",
          "resolved": "https://registry.npmjs.org/os-locale/-/os-locale-2.1.0.tgz",
          "integrity": "sha512-3sslG3zJbEYcaC4YVAvDorjGxc7tv6KVATnLPZONiljsUncvihe9BQoVCEs0RZ1kmf4Hk9OBqlZfJZWI4GanKA==",
          "dev": true,
          "requires": {
            "execa": "^0.7.0",
            "lcid": "^1.0.0",
            "mem": "^1.1.0"
          }
        },
        "path-type": {
          "version": "2.0.0",
          "resolved": "https://registry.npmjs.org/path-type/-/path-type-2.0.0.tgz",
          "integrity": "sha1-8BLMuEFbcJb8LaoQVMPXI4lZTHM=",
          "dev": true,
          "requires": {
            "pify": "^2.0.0"
          }
        },
        "pify": {
          "version": "2.3.0",
          "resolved": "https://registry.npmjs.org/pify/-/pify-2.3.0.tgz",
          "integrity": "sha1-7RQaasBDqEnqWISY59yosVMw6Qw=",
          "dev": true
        },
        "read-pkg": {
          "version": "2.0.0",
          "resolved": "https://registry.npmjs.org/read-pkg/-/read-pkg-2.0.0.tgz",
          "integrity": "sha1-jvHAYjxqbbDcZxPEv6xGMysjaPg=",
          "dev": true,
          "requires": {
            "load-json-file": "^2.0.0",
            "normalize-package-data": "^2.3.2",
            "path-type": "^2.0.0"
          }
        },
        "read-pkg-up": {
          "version": "2.0.0",
          "resolved": "https://registry.npmjs.org/read-pkg-up/-/read-pkg-up-2.0.0.tgz",
          "integrity": "sha1-a3KoBImE4MQeeVEP1en6mbO1Sb4=",
          "dev": true,
          "requires": {
            "find-up": "^2.0.0",
            "read-pkg": "^2.0.0"
          }
        },
        "source-map": {
          "version": "0.6.1",
          "resolved": "https://registry.npmjs.org/source-map/-/source-map-0.6.1.tgz",
          "integrity": "sha512-UjgapumWlbMhkBgzT7Ykc5YXUT46F0iKu8SGXq0bcwP5dz/h0Plj6enJqjz1Zbq2l5WaqYnrVbwWOWMyF3F47g==",
          "dev": true
        },
        "string-width": {
          "version": "2.1.1",
          "resolved": "https://registry.npmjs.org/string-width/-/string-width-2.1.1.tgz",
          "integrity": "sha512-nOqH59deCq9SRHlxq1Aw85Jnt4w6KvLKqWVik6oA9ZklXLNIOlqg4F2yrT1MVaTjAqvVwdfeZ7w7aCvJD7ugkw==",
          "dev": true,
          "requires": {
            "is-fullwidth-code-point": "^2.0.0",
            "strip-ansi": "^4.0.0"
          }
        },
        "strip-ansi": {
          "version": "4.0.0",
          "resolved": "https://registry.npmjs.org/strip-ansi/-/strip-ansi-4.0.0.tgz",
          "integrity": "sha1-qEeQIusaw2iocTibY1JixQXuNo8=",
          "dev": true,
          "requires": {
            "ansi-regex": "^3.0.0"
          }
        },
        "strip-bom": {
          "version": "3.0.0",
          "resolved": "https://registry.npmjs.org/strip-bom/-/strip-bom-3.0.0.tgz",
          "integrity": "sha1-IzTBjpx1n3vdVv3vfprj1YjmjtM=",
          "dev": true
        },
        "which-module": {
          "version": "2.0.0",
          "resolved": "https://registry.npmjs.org/which-module/-/which-module-2.0.0.tgz",
          "integrity": "sha1-2e8H3Od7mQK4o6j6SzHD4/fm6Ho=",
          "dev": true
        },
        "y18n": {
          "version": "3.2.1",
          "resolved": "https://registry.npmjs.org/y18n/-/y18n-3.2.1.tgz",
          "integrity": "sha1-bRX7qITAhnnA136I53WegR4H+kE=",
          "dev": true
        },
        "yargs": {
          "version": "9.0.1",
          "resolved": "https://registry.npmjs.org/yargs/-/yargs-9.0.1.tgz",
          "integrity": "sha1-UqzCP+7Kw0BCB47njAwAf1CF20w=",
          "dev": true,
          "requires": {
            "camelcase": "^4.1.0",
            "cliui": "^3.2.0",
            "decamelize": "^1.1.1",
            "get-caller-file": "^1.0.1",
            "os-locale": "^2.0.0",
            "read-pkg-up": "^2.0.0",
            "require-directory": "^2.1.1",
            "require-main-filename": "^1.0.1",
            "set-blocking": "^2.0.0",
            "string-width": "^2.0.0",
            "which-module": "^2.0.0",
            "y18n": "^3.2.1",
            "yargs-parser": "^7.0.0"
          }
        },
        "yargs-parser": {
          "version": "7.0.0",
          "resolved": "https://registry.npmjs.org/yargs-parser/-/yargs-parser-7.0.0.tgz",
          "integrity": "sha1-jQrELxbqVd69MyyvTEA4s+P139k=",
          "dev": true,
          "requires": {
            "camelcase": "^4.1.0"
          }
        }
      }
    },
    "@angular/core": {
      "version": "7.0.4",
      "resolved": "https://registry.npmjs.org/@angular/core/-/core-7.0.4.tgz",